PODS:
  - app_links (7.0.0):
    - Flutter
  - Flutter (1.0.0)
  - flutter_native_splash (2.4.3):
    - Flutter
  - local_auth_darwin (0.0.1):
    - Flutter
    - FlutterMacOS
  - mobile_scanner (7.0.0):
    - Flutter
    - FlutterMacOS
  - path_provider_foundation (0.0.1):
    - Flutter
    - FlutterMacOS
  - pico (0.1.0)
  - share_plus (0.0.1):
    - Flutter
  - url_launcher_ios (0.0.1):
    - Flutter

DEPENDENCIES:
  - app_links (from `.symlinks/plugins/app_links/ios`)
  - Flutter (from `Flutter`)
  - flutter_native_splash (from `.symlinks/plugins/flutter_native_splash/ios`)
  - local_auth_darwin (from `.symlinks/plugins/local_auth_darwin/darwin`)
  - mobile_scanner (from `.symlinks/plugins/mobile_scanner/darwin`)
  - path_provider_foundation (from `.symlinks/plugins/path_provider_foundation/darwin`)
  - pico (from `.`)
  - share_plus (from `.symlinks/plugins/share_plus/ios`)
  - url_launcher_ios (from `.symlinks/plugins/url_launcher_ios/ios`)

EXTERNAL SOURCES:
  app_links:
    :path: ".symlinks/plugins/app_links/ios"
  Flutter:
    :path: Flutter
  flutter_native_splash:
    :path: ".symlinks/plugins/flutter_native_splash/ios"
  local_auth_darwin:
    :path: ".symlinks/plugins/local_auth_darwin/darwin"
  mobile_scanner:
    :path: ".symlinks/plugins/mobile_scanner/darwin"
  path_provider_foundation:
    :path: ".symlinks/plugins/path_provider_foundation/darwin"
  pico:
    :path: "."
  share_plus:
    :path: ".symlinks/plugins/share_plus/ios"
  url_launcher_ios:
    :path: ".symlinks/plugins/url_launcher_ios/ios"

SPEC CHECKSUMS:
  app_links: a754cbec3c255bd4bbb4d236ecc06f28cd9a7ce8
  Flutter: cabc95a1d2626b1b06e7179b784ebcf0c0cde467
  flutter_native_splash: c32d145d68aeda5502d5f543ee38c192065986cf
  local_auth_darwin: c3ee6cce0a8d56be34c8ccb66ba31f7f180aaebb
  mobile_scanner: 9157936403f5a0644ca3779a38ff8404c5434a93
  path_provider_foundation: 080d55be775b7414fd5a5ef3ac137b97b097e564
  pico: 1b44622ac84f7d4c7b00a3b869ddc413cb92efd2
  share_plus: 50da8cb520a8f0f65671c6c6a99b3617ed10a58a
  url_launcher_ios: 7a95fa5b60cc718a708b8f2966718e93db0cef1b

PODFILE CHECKSUM: fcafe4c66900422db1b55f8ccc509f623559f903

COCOAPODS: 1.16.2
